PODS:
  - GRDB.swift (2.4.0)
  - SwiftyJSON (4.0.0)

DEPENDENCIES:
  - GRDB.swift
  - SwiftyJSON

SPEC CHECKSUMS:
  GRDB.swift: 23a93772282e91bc687f3b52bea61c2a8bf669f9
  SwiftyJSON: 070dabdcb1beb81b247c65ffa3a79dbbfb3b48aa

PODFILE CHECKSUM: 7dad6459ceeb546dbeb95469f9760e255d632d7c

COCOAPODS: 1.2.1
