// !$*UTF8*$!
{
	archiveVersion = 1;
	classes = {
	};
	objectVersion = 48;
	objects = {

/* Begin PBXBuildFile section */
		577473EDDC4FFC4D926B4913 /* Pods_PocketCash.framework in Frameworks */ = {isa = PBXBuildFile; fileRef = 4360C0C299EF11A46D05AB98 /* Pods_PocketCash.framework */; };
		CE1BDAF31FE1A74500CF0431 /* SettingsViewController.swift in Sources */ = {isa = PBXBuildFile; fileRef = CE1BDAF21FE1A74500CF0431 /* SettingsViewController.swift */; };
		CE1BDAF51FE1C03800CF0431 /* User.swift in Sources */ = {isa = PBXBuildFile; fileRef = CE1BDAF41FE1C03800CF0431 /* User.swift */; };
		CE1BDAF71FE1C1FA00CF0431 /* UserDataBase2.swift in Sources */ = {isa = PBXBuildFile; fileRef = CE1BDAF61FE1C1FA00CF0431 /* UserDataBase2.swift */; };
		CE24CE241FD08CEB0099CA24 /* AppDelegate.swift in Sources */ = {isa = PBXBuildFile; fileRef = CE24CE231FD08CEB0099CA24 /* AppDelegate.swift */; };
		CE24CE291FD08CEB0099CA24 /* Main.storyboard in Resources */ = {isa = PBXBuildFile; fileRef = CE24CE271FD08CEB0099CA24 /* Main.storyboard */; };
		CE24CE2B1FD08CEB0099CA24 /* Assets.xcassets in Resources */ = {isa = PBXBuildFile; fileRef = CE24CE2A1FD08CEB0099CA24 /* Assets.xcassets */; };
		CE24CE2E1FD08CEB0099CA24 /* LaunchScreen.storyboard in Resources */ = {isa = PBXBuildFile; fileRef = CE24CE2C1FD08CEB0099CA24 /* LaunchScreen.storyboard */; };
		CE2618A71FD4353B00C19D5E /* MainViewController.swift in Sources */ = {isa = PBXBuildFile; fileRef = CE2618A61FD4353B00C19D5E /* MainViewController.swift */; };
		CE2C4A141FD137CB0073DDC8 /* CashDetailViewController.swift in Sources */ = {isa = PBXBuildFile; fileRef = CE2C4A131FD137CB0073DDC8 /* CashDetailViewController.swift */; };
		CE40A7D91FDF18AA00B905C8 /* CashOperation.swift in Sources */ = {isa = PBXBuildFile; fileRef = CE40A7D81FDF18AA00B905C8 /* CashOperation.swift */; };
		CE40A7DB1FDF1DF800B905C8 /* DataBaseService.swift in Sources */ = {isa = PBXBuildFile; fileRef = CE40A7DA1FDF1DF800B905C8 /* DataBaseService.swift */; };
		CEDDE5A11FEAB3E8005E9C09 /* TransactionViewController.swift in Sources */ = {isa = PBXBuildFile; fileRef = CEDDE5A01FEAB3E8005E9C09 /* TransactionViewController.swift */; };
		CEF665D91FE509E700D8D840 /* Images.xcassets in Resources */ = {isa = PBXBuildFile; fileRef = CEF665D81FE509E700D8D840 /* Images.xcassets */; };
/* End PBXBuildFile section */

/* Begin PBXFileReference section */
		119977F87AD2DE0A7FDF8608 /* Pods-PocketCash.debug.xcconfig */ = {isa = PBXFileReference; includeInIndex = 1; lastKnownFileType = text.xcconfig; name = "Pods-PocketCash.debug.xcconfig"; path = "Pods/Target Support Files/Pods-PocketCash/Pods-PocketCash.debug.xcconfig"; sourceTree = "<group>"; };
		4360C0C299EF11A46D05AB98 /* Pods_PocketCash.framework */ = {isa = PBXFileReference; explicitFileType = wrapper.framework; includeInIndex = 0; path = Pods_PocketCash.framework; sourceTree = BUILT_PRODUCTS_DIR; };
		CE1BDAF21FE1A74500CF0431 /* SettingsViewController.swift */ = {isa = PBXFileReference; lastKnownFileType = sourcecode.swift; path = SettingsViewController.swift; sourceTree = "<group>"; };
		CE1BDAF41FE1C03800CF0431 /* User.swift */ = {isa = PBXFileReference; lastKnownFileType = sourcecode.swift; path = User.swift; sourceTree = "<group>"; };
		CE1BDAF61FE1C1FA00CF0431 /* UserDataBase2.swift */ = {isa = PBXFileReference; lastKnownFileType = sourcecode.swift; path = UserDataBase2.swift; sourceTree = "<group>"; };
		CE24CE201FD08CEB0099CA24 /* PocketCash.app */ = {isa = PBXFileReference; explicitFileType = wrapper.application; includeInIndex = 0; path = PocketCash.app; sourceTree = BUILT_PRODUCTS_DIR; };
		CE24CE231FD08CEB0099CA24 /* AppDelegate.swift */ = {isa = PBXFileReference; lastKnownFileType = sourcecode.swift; path = AppDelegate.swift; sourceTree = "<group>"; };
		CE24CE281FD08CEB0099CA24 /* Base */ = {isa = PBXFileReference; lastKnownFileType = file.storyboard; name = Base; path = Base.lproj/Main.storyboard; sourceTree = "<group>"; };
		CE24CE2A1FD08CEB0099CA24 /* Assets.xcassets */ = {isa = PBXFileReference; lastKnownFileType = folder.assetcatalog; path = Assets.xcassets; sourceTree = "<group>"; };
		CE24CE2D1FD08CEB0099CA24 /* Base */ = {isa = PBXFileReference; lastKnownFileType = file.storyboard; name = Base; path = Base.lproj/LaunchScreen.storyboard; sourceTree = "<group>"; };
		CE24CE2F1FD08CEB0099CA24 /* Info.plist */ = {isa = PBXFileReference; lastKnownFileType = text.plist.xml; path = Info.plist; sourceTree = "<group>"; };
		CE2618A61FD4353B00C19D5E /* MainViewController.swift */ = {isa = PBXFileReference; lastKnownFileType = sourcecode.swift; path = MainViewController.swift; sourceTree = "<group>"; };
		CE2C4A131FD137CB0073DDC8 /* CashDetailViewController.swift */ = {isa = PBXFileReference; lastKnownFileType = sourcecode.swift; path = CashDetailViewController.swift; sourceTree = "<group>"; };
		CE40A7D81FDF18AA00B905C8 /* CashOperation.swift */ = {isa = PBXFileReference; lastKnownFileType = sourcecode.swift; path = CashOperation.swift; sourceTree = "<group>"; };
		CE40A7DA1FDF1DF800B905C8 /* DataBaseService.swift */ = {isa = PBXFileReference; lastKnownFileType = sourcecode.swift; path = DataBaseService.swift; sourceTree = "<group>"; };
		CEDDE5A01FEAB3E8005E9C09 /* TransactionViewController.swift */ = {isa = PBXFileReference; lastKnownFileType = sourcecode.swift; path = TransactionViewController.swift; sourceTree = "<group>"; };
		CEF665D81FE509E700D8D840 /* Images.xcassets */ = {isa = PBXFileReference; lastKnownFileType = folder.assetcatalog; path = Images.xcassets; sourceTree = "<group>"; };
		D49131F01BCDED466A1D1392 /* Pods-PocketCash.release.xcconfig */ = {isa = PBXFileReference; includeInIndex = 1; lastKnownFileType = text.xcconfig; name = "Pods-PocketCash.release.xcconfig"; path = "Pods/Target Support Files/Pods-PocketCash/Pods-PocketCash.release.xcconfig"; sourceTree = "<group>"; };
/* End PBXFileReference section */

/* Begin PBXFrameworksBuildPhase section */
		CE24CE1D1FD08CEB0099CA24 /* Frameworks */ = {
			isa = PBXFrameworksBuildPhase;
			buildActionMask = 2147483647;
			files = (
				577473EDDC4FFC4D926B4913 /* Pods_PocketCash.framework in Frameworks */,
			);
			runOnlyForDeploymentPostprocessing = 0;
		};
/* End PBXFrameworksBuildPhase section */

/* Begin PBXGroup section */
		2D7F90A5DEE939571D805357 /* Frameworks */ = {
			isa = PBXGroup;
			children = (
				4360C0C299EF11A46D05AB98 /* Pods_PocketCash.framework */,
			);
			name = Frameworks;
			sourceTree = "<group>";
		};
		735BBAF2B8AB53AD81120A60 /* Pods */ = {
			isa = PBXGroup;
			children = (
				119977F87AD2DE0A7FDF8608 /* Pods-PocketCash.debug.xcconfig */,
				D49131F01BCDED466A1D1392 /* Pods-PocketCash.release.xcconfig */,
			);
			name = Pods;
			sourceTree = "<group>";
		};
		CE24CE171FD08CEB0099CA24 = {
			isa = PBXGroup;
			children = (
				CE24CE221FD08CEB0099CA24 /* PocketCash */,
				CE24CE211FD08CEB0099CA24 /* Products */,
				735BBAF2B8AB53AD81120A60 /* Pods */,
				2D7F90A5DEE939571D805357 /* Frameworks */,
			);
			sourceTree = "<group>";
		};
		CE24CE211FD08CEB0099CA24 /* Products */ = {
			isa = PBXGroup;
			children = (
				CE24CE201FD08CEB0099CA24 /* PocketCash.app */,
			);
			name = Products;
			sourceTree = "<group>";
		};
		CE24CE221FD08CEB0099CA24 /* PocketCash */ = {
			isa = PBXGroup;
			children = (
				CE2618A51FD4298D00C19D5E /* Supporting Files */,
				CE24CE231FD08CEB0099CA24 /* AppDelegate.swift */,
				CE24CE2A1FD08CEB0099CA24 /* Assets.xcassets */,
				CE24CE2C1FD08CEB0099CA24 /* LaunchScreen.storyboard */,
				CE2C4A131FD137CB0073DDC8 /* CashDetailViewController.swift */,
				CE2618A61FD4353B00C19D5E /* MainViewController.swift */,
				CE1BDAF21FE1A74500CF0431 /* SettingsViewController.swift */,
				CEDDE5A01FEAB3E8005E9C09 /* TransactionViewController.swift */,
				CE40A7D81FDF18AA00B905C8 /* CashOperation.swift */,
				CE1BDAF41FE1C03800CF0431 /* User.swift */,
				CE40A7DA1FDF1DF800B905C8 /* DataBaseService.swift */,
				CE1BDAF61FE1C1FA00CF0431 /* UserDataBase2.swift */,
				CE24CE271FD08CEB0099CA24 /* Main.storyboard */,
				CE24CE2F1FD08CEB0099CA24 /* Info.plist */,
				CEF665D81FE509E700D8D840 /* Images.xcassets */,
			);
			path = PocketCash;
			sourceTree = "<group>";
		};
		CE2618A51FD4298D00C19D5E /* Supporting Files */ = {
			isa = PBXGroup;
			children = (
			);
			path = "Supporting Files";
			sourceTree = "<group>";
		};
/* End PBXGroup section */

/* Begin PBXNativeTarget section */
		CE24CE1F1FD08CEB0099CA24 /* PocketCash */ = {
			isa = PBXNativeTarget;
			buildConfigurationList = CE24CE321FD08CEB0099CA24 /* Build configuration list for PBXNativeTarget "PocketCash" */;
			buildPhases = (
				A6D71512562A088ABE377351 /* [CP] Check Pods Manifest.lock */,
				CE24CE1C1FD08CEB0099CA24 /* Sources */,
				CE24CE1D1FD08CEB0099CA24 /* Frameworks */,
				CE24CE1E1FD08CEB0099CA24 /* Resources */,
				96AF7FFF27E1A9C524EB082A /* [CP] Embed Pods Frameworks */,
				F5EF3E70B193E306B5559380 /* [CP] Copy Pods Resources */,
			);
			buildRules = (
			);
			dependencies = (
			);
			name = PocketCash;
			productName = PocketCash;
			productReference = CE24CE201FD08CEB0099CA24 /* PocketCash.app */;
			productType = "com.apple.product-type.application";
		};
/* End PBXNativeTarget section */

/* Begin PBXProject section */
		CE24CE181FD08CEB0099CA24 /* Project object */ = {
			isa = PBXProject;
			attributes = {
				LastSwiftUpdateCheck = 0910;
				LastUpgradeCheck = 0910;
				ORGANIZATIONNAME = "Bimbetov Farabi";
				TargetAttributes = {
					CE24CE1F1FD08CEB0099CA24 = {
						CreatedOnToolsVersion = 9.1;
						ProvisioningStyle = Automatic;
					};
				};
			};
			buildConfigurationList = CE24CE1B1FD08CEB0099CA24 /* Build configuration list for PBXProject "PocketCash" */;
			compatibilityVersion = "Xcode 8.0";
			developmentRegion = en;
			hasScannedForEncodings = 0;
			knownRegions = (
				en,
				Base,
			);
			mainGroup = CE24CE171FD08CEB0099CA24;
			productRefGroup = CE24CE211FD08CEB0099CA24 /* Products */;
			projectDirPath = "";
			projectRoot = "";
			targets = (
				CE24CE1F1FD08CEB0099CA24 /* PocketCash */,
			);
		};
/* End PBXProject section */

/* Begin PBXResourcesBuildPhase section */
		CE24CE1E1FD08CEB0099CA24 /* Resources */ = {
			isa = PBXResourcesBuildPhase;
			buildActionMask = 2147483647;
			files = (
				CE24CE2E1FD08CEB0099CA24 /* LaunchScreen.storyboard in Resources */,
				CEF665D91FE509E700D8D840 /* Images.xcassets in Resources */,
				CE24CE2B1FD08CEB0099CA24 /* Assets.xcassets in Resources */,
				CE24CE291FD08CEB0099CA24 /* Main.storyboard in Resources */,
			);
			runOnlyForDeploymentPostprocessing = 0;
		};
/* End PBXResourcesBuildPhase section */

/* Begin PBXShellScriptBuildPhase section */
		96AF7FFF27E1A9C524EB082A /* [CP] Embed Pods Frameworks */ = {
			isa = PBXShellScriptBuildPhase;
			buildActionMask = 2147483647;
			files = (
			);
			inputPaths = (
			);
			name = "[CP] Embed Pods Frameworks";
			outputPaths = (
			);
			runOnlyForDeploymentPostprocessing = 0;
			shellPath = /bin/sh;
			shellScript = "\"${SRCROOT}/Pods/Target Support Files/Pods-PocketCash/Pods-PocketCash-frameworks.sh\"\n";
			showEnvVarsInLog = 0;
		};
		A6D71512562A088ABE377351 /* [CP] Check Pods Manifest.lock */ = {
			isa = PBXShellScriptBuildPhase;
			buildActionMask = 2147483647;
			files = (
			);
			inputPaths = (
			);
			name = "[CP] Check Pods Manifest.lock";
			outputPaths = (
			);
			runOnlyForDeploymentPostprocessing = 0;
			shellPath = /bin/sh;
			shellScript = "diff \"${PODS_PODFILE_DIR_PATH}/Podfile.lock\" \"${PODS_ROOT}/Manifest.lock\" > /dev/null\nif [ $? != 0 ] ; then\n    # print error to STDERR\n    echo \"error: The sandbox is not in sync with the Podfile.lock. Run 'pod install' or update your CocoaPods installation.\" >&2\n    exit 1\nfi\n";
			showEnvVarsInLog = 0;
		};
		F5EF3E70B193E306B5559380 /* [CP] Copy Pods Resources */ = {
			isa = PBXShellScriptBuildPhase;
			buildActionMask = 2147483647;
			files = (
			);
			inputPaths = (
			);
			name = "[CP] Copy Pods Resources";
			outputPaths = (
			);
			runOnlyForDeploymentPostprocessing = 0;
			shellPath = /bin/sh;
			shellScript = "\"${SRCROOT}/Pods/Target Support Files/Pods-PocketCash/Pods-PocketCash-resources.sh\"\n";
			showEnvVarsInLog = 0;
		};
/* End PBXShellScriptBuildPhase section */

/* Begin PBXSourcesBuildPhase section */
		CE24CE1C1FD08CEB0099CA24 /* Sources */ = {
			isa = PBXSourcesBuildPhase;
			buildActionMask = 2147483647;
			files = (
				CE2C4A141FD137CB0073DDC8 /* CashDetailViewController.swift in Sources */,
				CE1BDAF71FE1C1FA00CF0431 /* UserDataBase2.swift in Sources */,
				CE24CE241FD08CEB0099CA24 /* AppDelegate.swift in Sources */,
				CE40A7D91FDF18AA00B905C8 /* CashOperation.swift in Sources */,
				CEDDE5A11FEAB3E8005E9C09 /* TransactionViewController.swift in Sources */,
				CE40A7DB1FDF1DF800B905C8 /* DataBaseService.swift in Sources */,
				CE2618A71FD4353B00C19D5E /* MainViewController.swift in Sources */,
				CE1BDAF31FE1A74500CF0431 /* SettingsViewController.swift in Sources */,
				CE1BDAF51FE1C03800CF0431 /* User.swift in Sources */,
			);
			runOnlyForDeploymentPostprocessing = 0;
		};
/* End PBXSourcesBuildPhase section */

/* Begin PBXVariantGroup section */
		CE24CE271FD08CEB0099CA24 /* Main.storyboard */ = {
			isa = PBXVariantGroup;
			children = (
				CE24CE281FD08CEB0099CA24 /* Base */,
			);
			name = Main.storyboard;
			sourceTree = "<group>";
		};
		CE24CE2C1FD08CEB0099CA24 /* LaunchScreen.storyboard */ = {
			isa = PBXVariantGroup;
			children = (
				CE24CE2D1FD08CEB0099CA24 /* Base */,
			);
			name = LaunchScreen.storyboard;
			sourceTree = "<group>";
		};
/* End PBXVariantGroup section */

/* Begin XCBuildConfiguration section */
		CE24CE301FD08CEB0099CA24 /* Debug */ = {
			isa = XCBuildConfiguration;
			buildSettings = {
				ALWAYS_SEARCH_USER_PATHS = NO;
				CLANG_ANALYZER_NONNULL = YES;
				CLANG_ANALYZER_NUMBER_OBJECT_CONVERSION = YES_AGGRESSIVE;
				CLANG_CXX_LANGUAGE_STANDARD = "gnu++14";
				CLANG_CXX_LIBRARY = "libc++";
				CLANG_ENABLE_MODULES = YES;
				CLANG_ENABLE_OBJC_ARC = YES;
				CLANG_WARN_BLOCK_CAPTURE_AUTORELEASING = YES;
				CLANG_WARN_BOOL_CONVERSION = YES;
				CLANG_WARN_COMMA = YES;
				CLANG_WARN_CONSTANT_CONVERSION = YES;
				CLANG_WARN_DIRECT_OBJC_ISA_USAGE = YES_ERROR;
				CLANG_WARN_DOCUMENTATION_COMMENTS = YES;
				CLANG_WARN_EMPTY_BODY = YES;
				CLANG_WARN_ENUM_CONVERSION = YES;
				CLANG_WARN_INFINITE_RECURSION = YES;
				CLANG_WARN_INT_CONVERSION = YES;
				CLANG_WARN_NON_LITERAL_NULL_CONVERSION = YES;
				CLANG_WARN_OBJC_LITERAL_CONVERSION = YES;
				CLANG_WARN_OBJC_ROOT_CLASS = YES_ERROR;
				CLANG_WARN_RANGE_LOOP_ANALYSIS = YES;
				CLANG_WARN_STRICT_PROTOTYPES = YES;
				CLANG_WARN_SUSPICIOUS_MOVE = YES;
				CLANG_WARN_UNGUARDED_AVAILABILITY = YES_AGGRESSIVE;
				CLANG_WARN_UNREACHABLE_CODE = YES;
				CLANG_WARN__DUPLICATE_METHOD_MATCH = YES;
				CODE_SIGN_IDENTITY = "iPhone Developer";
				COPY_PHASE_STRIP = NO;
				DEBUG_INFORMATION_FORMAT = dwarf;
				ENABLE_STRICT_OBJC_MSGSEND = YES;
				ENABLE_TESTABILITY = YES;
				GCC_C_LANGUAGE_STANDARD = gnu11;
				GCC_DYNAMIC_NO_PIC = NO;
				GCC_NO_COMMON_BLOCKS = YES;
				GCC_OPTIMIZATION_LEVEL = 0;
				GCC_PREPROCESSOR_DEFINITIONS = (
					"DEBUG=1",
					"$(inherited)",
				);
				GCC_WARN_64_TO_32_BIT_CONVERSION = YES;
				GCC_WARN_ABOUT_RETURN_TYPE = YES_ERROR;
				GCC_WARN_UNDECLARED_SELECTOR = YES;
				GCC_WARN_UNINITIALIZED_AUTOS = YES_AGGRESSIVE;
				GCC_WARN_UNUSED_FUNCTION = YES;
				GCC_WARN_UNUSED_VARIABLE = YES;
				IPHONEOS_DEPLOYMENT_TARGET = 11.1;
				MTL_ENABLE_DEBUG_INFO = YES;
				ONLY_ACTIVE_ARCH = YES;
				SDKROOT = iphoneos;
				SWIFT_ACTIVE_COMPILATION_CONDITIONS = DEBUG;
				SWIFT_OPTIMIZATION_LEVEL = "-Onone";
			};
			name = Debug;
		};
		CE24CE311FD08CEB0099CA24 /* Release */ = {
			isa = XCBuildConfiguration;
			buildSettings = {
				ALWAYS_SEARCH_USER_PATHS = NO;
				CLANG_ANALYZER_NONNULL = YES;
				CLANG_ANALYZER_NUMBER_OBJECT_CONVERSION = YES_AGGRESSIVE;
				CLANG_CXX_LANGUAGE_STANDARD = "gnu++14";
				CLANG_CXX_LIBRARY = "libc++";
				CLANG_ENABLE_MODULES = YES;
				CLANG_ENABLE_OBJC_ARC = YES;
				CLANG_WARN_BLOCK_CAPTURE_AUTORELEASING = YES;
				CLANG_WARN_BOOL_CONVERSION = YES;
				CLANG_WARN_COMMA = YES;
				CLANG_WARN_CONSTANT_CONVERSION = YES;
				CLANG_WARN_DIRECT_OBJC_ISA_USAGE = YES_ERROR;
				CLANG_WARN_DOCUMENTATION_COMMENTS = YES;
				CLANG_WARN_EMPTY_BODY = YES;
				CLANG_WARN_ENUM_CONVERSION = YES;
				CLANG_WARN_INFINITE_RECURSION = YES;
				CLANG_WARN_INT_CONVERSION = YES;
				CLANG_WARN_NON_LITERAL_NULL_CONVERSION = YES;
				CLANG_WARN_OBJC_LITERAL_CONVERSION = YES;
				CLANG_WARN_OBJC_ROOT_CLASS = YES_ERROR;
				CLANG_WARN_RANGE_LOOP_ANALYSIS = YES;
				CLANG_WARN_STRICT_PROTOTYPES = YES;
				CLANG_WARN_SUSPICIOUS_MOVE = YES;
				CLANG_WARN_UNGUARDED_AVAILABILITY = YES_AGGRESSIVE;
				CLANG_WARN_UNREACHABLE_CODE = YES;
				CLANG_WARN__DUPLICATE_METHOD_MATCH = YES;
				CODE_SIGN_IDENTITY = "iPhone Developer";
				COPY_PHASE_STRIP = NO;
				DEBUG_INFORMATION_FORMAT = "dwarf-with-dsym";
				ENABLE_NS_ASSERTIONS = NO;
				ENABLE_STRICT_OBJC_MSGSEND = YES;
				GCC_C_LANGUAGE_STANDARD = gnu11;
				GCC_NO_COMMON_BLOCKS = YES;
				GCC_WARN_64_TO_32_BIT_CONVERSION = YES;
				GCC_WARN_ABOUT_RETURN_TYPE = YES_ERROR;
				GCC_WARN_UNDECLARED_SELECTOR = YES;
				GCC_WARN_UNINITIALIZED_AUTOS = YES_AGGRESSIVE;
				GCC_WARN_UNUSED_FUNCTION = YES;
				GCC_WARN_UNUSED_VARIABLE = YES;
				IPHONEOS_DEPLOYMENT_TARGET = 11.1;
				MTL_ENABLE_DEBUG_INFO = NO;
				SDKROOT = iphoneos;
				SWIFT_OPTIMIZATION_LEVEL = "-Owholemodule";
				VALIDATE_PRODUCT = YES;
			};
			name = Release;
		};
		CE24CE331FD08CEB0099CA24 /* Debug */ = {
			isa = XCBuildConfiguration;
			baseConfigurationReference = 119977F87AD2DE0A7FDF8608 /* Pods-PocketCash.debug.xcconfig */;
			buildSettings = {
				ASSETCATALOG_COMPILER_APPICON_NAME = AppIcon;
				ASSETCATALOG_COMPILER_LAUNCHIMAGE_NAME = LaunchImage;
				CODE_SIGN_STYLE = Automatic;
				DEVELOPMENT_TEAM = 66432QR97X;
				FRAMEWORK_SEARCH_PATHS = (
					"$(inherited)",
					"\"$PODS_CONFIGURATION_BUILD_DIR/GRDB.swift\"",
					"$(SRCROOT)",
				);
				INFOPLIST_FILE = PocketCash/Info.plist;
				IPHONEOS_DEPLOYMENT_TARGET = 10.0;
				LD_RUNPATH_SEARCH_PATHS = "$(inherited) @executable_path/Frameworks";
				PRODUCT_BUNDLE_IDENTIFIER = kz.FBGroup.Company.PocketCash;
				PRODUCT_NAME = "$(TARGET_NAME)";
				SWIFT_VERSION = 4.0;
				TARGETED_DEVICE_FAMILY = 1;
			};
			name = Debug;
		};
		CE24CE341FD08CEB0099CA24 /* Release */ = {
			isa = XCBuildConfiguration;
			baseConfigurationReference = D49131F01BCDED466A1D1392 /* Pods-PocketCash.release.xcconfig */;
			buildSettings = {
				ASSETCATALOG_COMPILER_APPICON_NAME = AppIcon;
				ASSETCATALOG_COMPILER_LAUNCHIMAGE_NAME = LaunchImage;
				CODE_SIGN_STYLE = Automatic;
				DEVELOPMENT_TEAM = 66432QR97X;
				FRAMEWORK_SEARCH_PATHS = (
					"$(SRCROOT)",
					"$(inherited)",
					"\"$PODS_CONFIGURATION_BUILD_DIR/GRDB.swift\"",
				);
				INFOPLIST_FILE = PocketCash/Info.plist;
				IPHONEOS_DEPLOYMENT_TARGET = 10.0;
				LD_RUNPATH_SEARCH_PATHS = "$(inherited) @executable_path/Frameworks";
				PRODUCT_BUNDLE_IDENTIFIER = kz.FBGroup.Company.PocketCash;
				PRODUCT_NAME = "$(TARGET_NAME)";
				SWIFT_VERSION = 4.0;
				TARGETED_DEVICE_FAMILY = 1;
			};
			name = Release;
		};
/* End XCBuildConfiguration section */

/* Begin XCConfigurationList section */
		CE24CE1B1FD08CEB0099CA24 /* Build configuration list for PBXProject "PocketCash" */ = {
			isa = XCConfigurationList;
			buildConfigurations = (
				CE24CE301FD08CEB0099CA24 /* Debug */,
				CE24CE311FD08CEB0099CA24 /* Release */,
			);
			defaultConfigurationIsVisible = 0;
			defaultConfigurationName = Release;
		};
		CE24CE321FD08CEB0099CA24 /* Build configuration list for PBXNativeTarget "PocketCash" */ = {
			isa = XCConfigurationList;
			buildConfigurations = (
				CE24CE331FD08CEB0099CA24 /* Debug */,
				CE24CE341FD08CEB0099CA24 /* Release */,
			);
			defaultConfigurationIsVisible = 0;
			defaultConfigurationName = Release;
		};
/* End XCConfigurationList section */
	};
	rootObject = CE24CE181FD08CEB0099CA24 /* Project object */;
}
